{
  "object": {
    "pins": [
      {
        "package": "BarcodeScanner",
        "repositoryURL": "https://github.com/hyperoslo/BarcodeScanner.git",
        "state": {
          "branch": null,
          "revision": "059cd71c4e3b9efc8d7e42fa1948bf572471b448",
          "version": "5.0.1"
        }
      }
    ]
  },
  "version": 1
}
